
Microsoft Visual Studio Solution File, Format Version 12.00
# Visual Studio Version 17
VisualStudioVersion = 17.0.31903.59
MinimumVisualStudioVersion = 10.0.40219.1
Project("{2150E333-8FDC-42A3-9474-1A3956D46DE8}") = "src", "src", "{A1B0F8DB-8FD8-4F19-A81A-93F5D3F0A3A2}"
EndProject
Project("{2150E333-8FDC-42A3-9474-1A3956D46DE8}") = "tests", "tests", "{B8D01C47-B45E-4E34-8A17-9E99E4C8C3A1}"
EndProject
Project("{2150E333-8FDC-42A3-9474-1A3956D46DE8}") = "demo", "demo", "{D4D0F8DB-8FD8-4F19-A81A-93F5D3F0A3A6}"
EndProject
Project("{2150E333-8FDC-42A3-9474-1A3956D46DE8}") = "docs", "docs", "{5FFF6BE0-8F8A-4B02-94FE-D76A4B513AF2}"
EndProject
Project("{FAE04EC0-301F-11D3-BF4B-00C04F79EFBC}") = "Bespoke.Azure.AD", "src\Bespoke.Azure.AD\Bespoke.Azure.AD.csproj", "{3B146F25-5EE7-4470-8137-C46A48500F38}"
EndProject
Project("{FAE04EC0-301F-11D3-BF4B-00C04F79EFBC}") = "Bespoke.Azure.BlobStorage", "src\Bespoke.Azure.BlobStorage\Bespoke.Azure.BlobStorage.csproj", "{5F5EC201-8BDC-4890-98C6-BA60338B2DAE}"
EndProject
Project("{FAE04EC0-301F-11D3-BF4B-00C04F79EFBC}") = "Bespoke.Azure.Queue", "src\Bespoke.Azure.Queue\Bespoke.Azure.Queue.csproj", "{176DAF06-C30F-4B89-8F9A-D82F034FF4C3}"
EndProject
Project("{FAE04EC0-301F-11D3-BF4B-00C04F79EFBC}") = "Bespoke.Azure.TableStorage", "src\Bespoke.Azure.TableStorage\Bespoke.Azure.TableStorage.csproj", "{16E6CD03-FD22-4B32-A0DC-E5C679C696A1}"
EndProject
Project("{FAE04EC0-301F-11D3-BF4B-00C04F79EFBC}") = "Bespoke.Azure", "src\Bespoke.Azure\Bespoke.Azure.csproj", "{ADBF22F8-0EC0-40B5-A080-FFFFF634FF46}"
EndProject
Project("{FAE04EC0-301F-11D3-BF4B-00C04F79EFBC}") = "Bespoke.Bicep", "src\Bespoke.Bicep\Bespoke.Bicep.csproj", "{7A916252-2CFE-4DC1-BCD5-F189346F9E2C}"
EndProject
Project("{FAE04EC0-301F-11D3-BF4B-00C04F79EFBC}") = "Bespoke.Core", "src\Bespoke.Core\Bespoke.Core.csproj", "{C9DC6E49-A62B-49EF-BBE3-B80CC9087E96}"
EndProject
Project("{FAE04EC0-301F-11D3-BF4B-00C04F79EFBC}") = "Bespoke.Data.SqlServer", "src\Bespoke.Data.SqlServer\Bespoke.Data.SqlServer.csproj", "{3C74F109-0FC6-4120-8B84-AE25509BE0BC}"
EndProject
Project("{FAE04EC0-301F-11D3-BF4B-00C04F79EFBC}") = "Bespoke.Data", "src\Bespoke.Data\Bespoke.Data.csproj", "{BA8D164F-8EC6-4F27-A564-20F2785CC8F3}"
EndProject
Project("{FAE04EC0-301F-11D3-BF4B-00C04F79EFBC}") = "Bespoke.Handlebars", "src\Bespoke.Handlebars\Bespoke.Handlebars.csproj", "{36FF5A0D-9B74-46CD-80F1-D41CC20A1250}"
EndProject
Project("{FAE04EC0-301F-11D3-BF4B-00C04F79EFBC}") = "Bespoke.Logging", "src\Bespoke.Logging\Bespoke.Logging.csproj", "{3F0754D1-1F90-460C-A42C-EE911BDBC086}"
EndProject
Project("{FAE04EC0-301F-11D3-BF4B-00C04F79EFBC}") = "Bespoke.Messaging", "src\Bespoke.Messaging\Bespoke.Messaging.csproj", "{9CC9A01E-0BEF-4512-920C-0F754A11DCBA}"
EndProject
Project("{FAE04EC0-301F-11D3-BF4B-00C04F79EFBC}") = "Bespoke.Payments.Stripe", "src\Bespoke.Payments.Stripe\Bespoke.Payments.Stripe.csproj", "{7980668E-6931-49B5-AE94-6CAF1F8769CD}"
EndProject
Project("{FAE04EC0-301F-11D3-BF4B-00C04F79EFBC}") = "Bespoke.Payments", "src\Bespoke.Payments\Bespoke.Payments.csproj", "{8B06AE98-4B5E-4711-B24D-005F9C2FF9D1}"
EndProject
Project("{FAE04EC0-301F-11D3-BF4B-00C04F79EFBC}") = "Bespoke.Rest", "src\Bespoke.Rest\Bespoke.Rest.csproj", "{2BF90479-DB7B-4ABD-AA6D-433976750A03}"
EndProject
Project("{FAE04EC0-301F-11D3-BF4B-00C04F79EFBC}") = "Bespoke.Services", "src\Bespoke.Services\Bespoke.Services.csproj", "{5B8E431C-227A-4BE2-9EE6-03496E7A2373}"
EndProject
Project("{FAE04EC0-301F-11D3-BF4B-00C04F79EFBC}") = "Bespoke.Shared", "src\Bespoke.Shared\Bespoke.Shared.csproj", "{0A30019D-3581-4D02-AEC4-AB47D2B433AE}"
EndProject
Project("{FAE04EC0-301F-11D3-BF4B-00C04F79EFBC}") = "Bespoke.Users", "src\Bespoke.Users\Bespoke.Users.csproj", "{B77297D6-D1AC-410D-AA0D-075700312407}"
EndProject
Project("{FAE04EC0-301F-11D3-BF4B-00C04F79EFBC}") = "Bespoke.Azure.AD.Tests", "tests\Bespoke.Azure.AD.Tests\Bespoke.Azure.AD.Tests.csproj", "{F5924D5D-6552-4C51-96FE-6E3C2EC27D29}"
EndProject
Project("{FAE04EC0-301F-11D3-BF4B-00C04F79EFBC}") = "Bespoke.Azure.BlobStorage.Tests", "tests\Bespoke.Azure.BlobStorage.Tests\Bespoke.Azure.BlobStorage.Tests.csproj", "{B50B7A02-BA6D-4866-A346-45623705E6BC}"
EndProject
Project("{FAE04EC0-301F-11D3-BF4B-00C04F79EFBC}") = "Bespoke.Azure.Queue.Tests", "tests\Bespoke.Azure.Queue.Tests\Bespoke.Azure.Queue.Tests.csproj", "{2FF22774-388D-412F-A6BE-0C357E27ABF3}"
EndProject
Project("{FAE04EC0-301F-11D3-BF4B-00C04F79EFBC}") = "Bespoke.Azure.TableStorage.Tests", "tests\Bespoke.Azure.TableStorage.Tests\Bespoke.Azure.TableStorage.Tests.csproj", "{96631619-5A3F-4335-9FBE-D4ADF834E95A}"
EndProject
Project("{FAE04EC0-301F-11D3-BF4B-00C04F79EFBC}") = "Bespoke.Azure.Tests", "tests\Bespoke.Azure.Tests\Bespoke.Azure.Tests.csproj", "{1650A54B-7771-4F16-A97C-69BA65C145A7}"
EndProject
Project("{FAE04EC0-301F-11D3-BF4B-00C04F79EFBC}") = "Bespoke.Bicep.Tests", "tests\Bespoke.Bicep.Tests\Bespoke.Bicep.Tests.csproj", "{E46ADC94-E1D1-472A-8A58-E57A19E781C4}"
EndProject
Project("{FAE04EC0-301F-11D3-BF4B-00C04F79EFBC}") = "Bespoke.Core.Tests", "tests\Bespoke.Core.Tests\Bespoke.Core.Tests.csproj", "{01F6AF8D-7CDC-49A3-9525-4479CB8F7067}"
EndProject
Project("{FAE04EC0-301F-11D3-BF4B-00C04F79EFBC}") = "Bespoke.Data.SqlServer.Tests", "tests\Bespoke.Data.SqlServer.Tests\Bespoke.Data.SqlServer.Tests.csproj", "{04AC2DEF-4BF9-421E-A227-A925038CC473}"
EndProject
Project("{FAE04EC0-301F-11D3-BF4B-00C04F79EFBC}") = "Bespoke.Data.Tests", "tests\Bespoke.Data.Tests\Bespoke.Data.Tests.csproj", "{A6BA9AEF-BBD8-4323-BB28-9E32843E663C}"
EndProject
Project("{FAE04EC0-301F-11D3-BF4B-00C04F79EFBC}") = "Bespoke.Handlebars.Tests", "tests\Bespoke.Handlebars.Tests\Bespoke.Handlebars.Tests.csproj", "{8FDBE1DF-40BF-461C-9E5F-58843F9FA9D1}"
EndProject
Project("{FAE04EC0-301F-11D3-BF4B-00C04F79EFBC}") = "Bespoke.IntegrationTesting", "tests\Bespoke.IntegrationTesting\Bespoke.IntegrationTesting.csproj", "{8C7137AB-10D2-4E71-A342-C1ADBBB55EA0}"
EndProject
Project("{FAE04EC0-301F-11D3-BF4B-00C04F79EFBC}") = "Bespoke.Logging.Tests", "tests\Bespoke.Logging.Tests\Bespoke.Logging.Tests.csproj", "{5F603891-BC7C-4BC7-8A8D-9D0B295CD996}"
EndProject
Project("{FAE04EC0-301F-11D3-BF4B-00C04F79EFBC}") = "Bespoke.Messaging.Tests", "tests\Bespoke.Messaging.Tests\Bespoke.Messaging.Tests.csproj", "{6E2178AC-9B41-4BD1-B46E-F2B3198FC5BB}"
EndProject
Project("{FAE04EC0-301F-11D3-BF4B-00C04F79EFBC}") = "Bespoke.Payments.Stripe.Tests", "tests\Bespoke.Payments.Stripe.Tests\Bespoke.Payments.Stripe.Tests.csproj", "{EEA2FD54-01B6-40F3-9A1D-E41BBC446977}"
EndProject
Project("{FAE04EC0-301F-11D3-BF4B-00C04F79EFBC}") = "Bespoke.Payments.Tests", "tests\Bespoke.Payments.Tests\Bespoke.Payments.Tests.csproj", "{E73AA54B-0910-41EF-A300-F931BA41D85F}"
EndProject
Project("{FAE04EC0-301F-11D3-BF4B-00C04F79EFBC}") = "Bespoke.Rest.Tests", "tests\Bespoke.Rest.Tests\Bespoke.Rest.Tests.csproj", "{AB35CE83-A490-4476-A60D-A5A19548921A}"
EndProject
Project("{FAE04EC0-301F-11D3-BF4B-00C04F79EFBC}") = "Bespoke.Services.Tests", "tests\Bespoke.Services.Tests\Bespoke.Services.Tests.csproj", "{EC6FCDD8-C8F2-42F0-BD50-0ADE0EB2077F}"
EndProject
Project("{FAE04EC0-301F-11D3-BF4B-00C04F79EFBC}") = "Bespoke.Shared.Tests", "tests\Bespoke.Shared.Tests\Bespoke.Shared.Tests.csproj", "{F1644820-0D6A-4D02-88C0-CEF3246FB9EB}"
EndProject
Project("{FAE04EC0-301F-11D3-BF4B-00C04F79EFBC}") = "Bespoke.Tests", "tests\Bespoke.Tests\Bespoke.Tests.csproj", "{8730A7B3-A5EB-4461-9D45-A34E98299DF3}"
EndProject
Project("{FAE04EC0-301F-11D3-BF4B-00C04F79EFBC}") = "Bespoke.Users.Tests", "tests\Bespoke.Users.Tests\Bespoke.Users.Tests.csproj", "{2958E175-CFB6-49A2-818C-CA0DCC9B05CF}"
EndProject
Project("{FAE04EC0-301F-11D3-BF4B-00C04F79EFBC}") = "Bespoke.Benchmarks", "demo\Bespoke.Benchmarks\Bespoke.Benchmarks.csproj", "{C2D00F70-310C-4172-863B-7297802DE2A6}"
EndProject
Project("{FAE04EC0-301F-11D3-BF4B-00C04F79EFBC}") = "DemoApp1", "demo\DemoApp1\DemoApp1.csproj", "{1160F4E1-6229-4828-8E1C-D33AB3407657}"
EndProject
Project("{FAE04EC0-301F-11D3-BF4B-00C04F79EFBC}") = "DemoApp2", "demo\DemoApp2\DemoApp2.csproj", "{4BD693BC-8089-40B1-A0EF-3F44D2520557}"
EndProject
Global
	GlobalSection(NestedProjects) = preSolution
	EndGlobalSection
	GlobalSection(SolutionConfigurationPlatforms) = preSolution
		Debug|Any CPU = Debug|Any CPU
		Release|Any CPU = Release|Any CPU
	EndGlobalSection
	GlobalSection(SolutionProperties) = preSolution
		HideSolutionNode = FALSE
	EndGlobalSection
	GlobalSection(ProjectConfigurationPlatforms) = postSolution
		{3B146F25-5EE7-4470-8137-C46A48500F38}.Debug|Any CPU.ActiveCfg = Debug|Any CPU
		{3B146F25-5EE7-4470-8137-C46A48500F38}.Debug|Any CPU.Build.0 = Debug|Any CPU
		{3B146F25-5EE7-4470-8137-C46A48500F38}.Release|Any CPU.ActiveCfg = Release|Any CPU
		{3B146F25-5EE7-4470-8137-C46A48500F38}.Release|Any CPU.Build.0 = Release|Any CPU
		{5F5EC201-8BDC-4890-98C6-BA60338B2DAE}.Debug|Any CPU.ActiveCfg = Debug|Any CPU
		{5F5EC201-8BDC-4890-98C6-BA60338B2DAE}.Debug|Any CPU.Build.0 = Debug|Any CPU
		{5F5EC201-8BDC-4890-98C6-BA60338B2DAE}.Release|Any CPU.ActiveCfg = Release|Any CPU
		{5F5EC201-8BDC-4890-98C6-BA60338B2DAE}.Release|Any CPU.Build.0 = Release|Any CPU
		{176DAF06-C30F-4B89-8F9A-D82F034FF4C3}.Debug|Any CPU.ActiveCfg = Debug|Any CPU
		{176DAF06-C30F-4B89-8F9A-D82F034FF4C3}.Debug|Any CPU.Build.0 = Debug|Any CPU
		{176DAF06-C30F-4B89-8F9A-D82F034FF4C3}.Release|Any CPU.ActiveCfg = Release|Any CPU
		{176DAF06-C30F-4B89-8F9A-D82F034FF4C3}.Release|Any CPU.Build.0 = Release|Any CPU
		{16E6CD03-FD22-4B32-A0DC-E5C679C696A1}.Debug|Any CPU.ActiveCfg = Debug|Any CPU
		{16E6CD03-FD22-4B32-A0DC-E5C679C696A1}.Debug|Any CPU.Build.0 = Debug|Any CPU
		{16E6CD03-FD22-4B32-A0DC-E5C679C696A1}.Release|Any CPU.ActiveCfg = Release|Any CPU
		{16E6CD03-FD22-4B32-A0DC-E5C679C696A1}.Release|Any CPU.Build.0 = Release|Any CPU
		{ADBF22F8-0EC0-40B5-A080-FFFFF634FF46}.Debug|Any CPU.ActiveCfg = Debug|Any CPU
		{ADBF22F8-0EC0-40B5-A080-FFFFF634FF46}.Debug|Any CPU.Build.0 = Debug|Any CPU
		{ADBF22F8-0EC0-40B5-A080-FFFFF634FF46}.Release|Any CPU.ActiveCfg = Release|Any CPU
		{ADBF22F8-0EC0-40B5-A080-FFFFF634FF46}.Release|Any CPU.Build.0 = Release|Any CPU
		{7A916252-2CFE-4DC1-BCD5-F189346F9E2C}.Debug|Any CPU.ActiveCfg = Debug|Any CPU
		{7A916252-2CFE-4DC1-BCD5-F189346F9E2C}.Debug|Any CPU.Build.0 = Debug|Any CPU
		{7A916252-2CFE-4DC1-BCD5-F189346F9E2C}.Release|Any CPU.ActiveCfg = Release|Any CPU
		{7A916252-2CFE-4DC1-BCD5-F189346F9E2C}.Release|Any CPU.Build.0 = Release|Any CPU
		{C9DC6E49-A62B-49EF-BBE3-B80CC9087E96}.Debug|Any CPU.ActiveCfg = Debug|Any CPU
		{C9DC6E49-A62B-49EF-BBE3-B80CC9087E96}.Debug|Any CPU.Build.0 = Debug|Any CPU
		{C9DC6E49-A62B-49EF-BBE3-B80CC9087E96}.Release|Any CPU.ActiveCfg = Release|Any CPU
		{C9DC6E49-A62B-49EF-BBE3-B80CC9087E96}.Release|Any CPU.Build.0 = Release|Any CPU
		{3C74F109-0FC6-4120-8B84-AE25509BE0BC}.Debug|Any CPU.ActiveCfg = Debug|Any CPU
		{3C74F109-0FC6-4120-8B84-AE25509BE0BC}.Debug|Any CPU.Build.0 = Debug|Any CPU
		{3C74F109-0FC6-4120-8B84-AE25509BE0BC}.Release|Any CPU.ActiveCfg = Release|Any CPU
		{3C74F109-0FC6-4120-8B84-AE25509BE0BC}.Release|Any CPU.Build.0 = Release|Any CPU
		{BA8D164F-8EC6-4F27-A564-20F2785CC8F3}.Debug|Any CPU.ActiveCfg = Debug|Any CPU
		{BA8D164F-8EC6-4F27-A564-20F2785CC8F3}.Debug|Any CPU.Build.0 = Debug|Any CPU
		{BA8D164F-8EC6-4F27-A564-20F2785CC8F3}.Release|Any CPU.ActiveCfg = Release|Any CPU
		{BA8D164F-8EC6-4F27-A564-20F2785CC8F3}.Release|Any CPU.Build.0 = Release|Any CPU
		{36FF5A0D-9B74-46CD-80F1-D41CC20A1250}.Debug|Any CPU.ActiveCfg = Debug|Any CPU
		{36FF5A0D-9B74-46CD-80F1-D41CC20A1250}.Debug|Any CPU.Build.0 = Debug|Any CPU
		{36FF5A0D-9B74-46CD-80F1-D41CC20A1250}.Release|Any CPU.ActiveCfg = Release|Any CPU
		{36FF5A0D-9B74-46CD-80F1-D41CC20A1250}.Release|Any CPU.Build.0 = Release|Any CPU
		{3F0754D1-1F90-460C-A42C-EE911BDBC086}.Debug|Any CPU.ActiveCfg = Debug|Any CPU
		{3F0754D1-1F90-460C-A42C-EE911BDBC086}.Debug|Any CPU.Build.0 = Debug|Any CPU
		{3F0754D1-1F90-460C-A42C-EE911BDBC086}.Release|Any CPU.ActiveCfg = Release|Any CPU
		{3F0754D1-1F90-460C-A42C-EE911BDBC086}.Release|Any CPU.Build.0 = Release|Any CPU
		{9CC9A01E-0BEF-4512-920C-0F754A11DCBA}.Debug|Any CPU.ActiveCfg = Debug|Any CPU
		{9CC9A01E-0BEF-4512-920C-0F754A11DCBA}.Debug|Any CPU.Build.0 = Debug|Any CPU
		{9CC9A01E-0BEF-4512-920C-0F754A11DCBA}.Release|Any CPU.ActiveCfg = Release|Any CPU
		{9CC9A01E-0BEF-4512-920C-0F754A11DCBA}.Release|Any CPU.Build.0 = Release|Any CPU
		{7980668E-6931-49B5-AE94-6CAF1F8769CD}.Debug|Any CPU.ActiveCfg = Debug|Any CPU
		{7980668E-6931-49B5-AE94-6CAF1F8769CD}.Debug|Any CPU.Build.0 = Debug|Any CPU
		{7980668E-6931-49B5-AE94-6CAF1F8769CD}.Release|Any CPU.ActiveCfg = Release|Any CPU
		{7980668E-6931-49B5-AE94-6CAF1F8769CD}.Release|Any CPU.Build.0 = Release|Any CPU
		{8B06AE98-4B5E-4711-B24D-005F9C2FF9D1}.Debug|Any CPU.ActiveCfg = Debug|Any CPU
		{8B06AE98-4B5E-4711-B24D-005F9C2FF9D1}.Debug|Any CPU.Build.0 = Debug|Any CPU
		{8B06AE98-4B5E-4711-B24D-005F9C2FF9D1}.Release|Any CPU.ActiveCfg = Release|Any CPU
		{8B06AE98-4B5E-4711-B24D-005F9C2FF9D1}.Release|Any CPU.Build.0 = Release|Any CPU
		{2BF90479-DB7B-4ABD-AA6D-433976750A03}.Debug|Any CPU.ActiveCfg = Debug|Any CPU
		{2BF90479-DB7B-4ABD-AA6D-433976750A03}.Debug|Any CPU.Build.0 = Debug|Any CPU
		{2BF90479-DB7B-4ABD-AA6D-433976750A03}.Release|Any CPU.ActiveCfg = Release|Any CPU
		{2BF90479-DB7B-4ABD-AA6D-433976750A03}.Release|Any CPU.Build.0 = Release|Any CPU
		{5B8E431C-227A-4BE2-9EE6-03496E7A2373}.Debug|Any CPU.ActiveCfg = Debug|Any CPU
		{5B8E431C-227A-4BE2-9EE6-03496E7A2373}.Debug|Any CPU.Build.0 = Debug|Any CPU
		{5B8E431C-227A-4BE2-9EE6-03496E7A2373}.Release|Any CPU.ActiveCfg = Release|Any CPU
		{5B8E431C-227A-4BE2-9EE6-03496E7A2373}.Release|Any CPU.Build.0 = Release|Any CPU
		{0A30019D-3581-4D02-AEC4-AB47D2B433AE}.Debug|Any CPU.ActiveCfg = Debug|Any CPU
		{0A30019D-3581-4D02-AEC4-AB47D2B433AE}.Debug|Any CPU.Build.0 = Debug|Any CPU
		{0A30019D-3581-4D02-AEC4-AB47D2B433AE}.Release|Any CPU.ActiveCfg = Release|Any CPU
		{0A30019D-3581-4D02-AEC4-AB47D2B433AE}.Release|Any CPU.Build.0 = Release|Any CPU
		{B77297D6-D1AC-410D-AA0D-075700312407}.Debug|Any CPU.ActiveCfg = Debug|Any CPU
		{B77297D6-D1AC-410D-AA0D-075700312407}.Debug|Any CPU.Build.0 = Debug|Any CPU
		{B77297D6-D1AC-410D-AA0D-075700312407}.Release|Any CPU.ActiveCfg = Release|Any CPU
		{B77297D6-D1AC-410D-AA0D-075700312407}.Release|Any CPU.Build.0 = Release|Any CPU
		{F5924D5D-6552-4C51-96FE-6E3C2EC27D29}.Debug|Any CPU.ActiveCfg = Debug|Any CPU
		{F5924D5D-6552-4C51-96FE-6E3C2EC27D29}.Debug|Any CPU.Build.0 = Debug|Any CPU
		{F5924D5D-6552-4C51-96FE-6E3C2EC27D29}.Release|Any CPU.ActiveCfg = Release|Any CPU
		{F5924D5D-6552-4C51-96FE-6E3C2EC27D29}.Release|Any CPU.Build.0 = Release|Any CPU
		{B50B7A02-BA6D-4866-A346-45623705E6BC}.Debug|Any CPU.ActiveCfg = Debug|Any CPU
		{B50B7A02-BA6D-4866-A346-45623705E6BC}.Debug|Any CPU.Build.0 = Debug|Any CPU
		{B50B7A02-BA6D-4866-A346-45623705E6BC}.Release|Any CPU.ActiveCfg = Release|Any CPU
		{B50B7A02-BA6D-4866-A346-45623705E6BC}.Release|Any CPU.Build.0 = Release|Any CPU
		{2FF22774-388D-412F-A6BE-0C357E27ABF3}.Debug|Any CPU.ActiveCfg = Debug|Any CPU
		{2FF22774-388D-412F-A6BE-0C357E27ABF3}.Debug|Any CPU.Build.0 = Debug|Any CPU
		{2FF22774-388D-412F-A6BE-0C357E27ABF3}.Release|Any CPU.ActiveCfg = Release|Any CPU
		{2FF22774-388D-412F-A6BE-0C357E27ABF3}.Release|Any CPU.Build.0 = Release|Any CPU
		{96631619-5A3F-4335-9FBE-D4ADF834E95A}.Debug|Any CPU.ActiveCfg = Debug|Any CPU
		{96631619-5A3F-4335-9FBE-D4ADF834E95A}.Debug|Any CPU.Build.0 = Debug|Any CPU
		{96631619-5A3F-4335-9FBE-D4ADF834E95A}.Release|Any CPU.ActiveCfg = Release|Any CPU
		{96631619-5A3F-4335-9FBE-D4ADF834E95A}.Release|Any CPU.Build.0 = Release|Any CPU
		{1650A54B-7771-4F16-A97C-69BA65C145A7}.Debug|Any CPU.ActiveCfg = Debug|Any CPU
		{1650A54B-7771-4F16-A97C-69BA65C145A7}.Debug|Any CPU.Build.0 = Debug|Any CPU
		{1650A54B-7771-4F16-A97C-69BA65C145A7}.Release|Any CPU.ActiveCfg = Release|Any CPU
		{1650A54B-7771-4F16-A97C-69BA65C145A7}.Release|Any CPU.Build.0 = Release|Any CPU
		{E46ADC94-E1D1-472A-8A58-E57A19E781C4}.Debug|Any CPU.ActiveCfg = Debug|Any CPU
		{E46ADC94-E1D1-472A-8A58-E57A19E781C4}.Debug|Any CPU.Build.0 = Debug|Any CPU
		{E46ADC94-E1D1-472A-8A58-E57A19E781C4}.Release|Any CPU.ActiveCfg = Release|Any CPU
		{E46ADC94-E1D1-472A-8A58-E57A19E781C4}.Release|Any CPU.Build.0 = Release|Any CPU
		{01F6AF8D-7CDC-49A3-9525-4479CB8F7067}.Debug|Any CPU.ActiveCfg = Debug|Any CPU
		{01F6AF8D-7CDC-49A3-9525-4479CB8F7067}.Debug|Any CPU.Build.0 = Debug|Any CPU
		{01F6AF8D-7CDC-49A3-9525-4479CB8F7067}.Release|Any CPU.ActiveCfg = Release|Any CPU
		{01F6AF8D-7CDC-49A3-9525-4479CB8F7067}.Release|Any CPU.Build.0 = Release|Any CPU
		{04AC2DEF-4BF9-421E-A227-A925038CC473}.Debug|Any CPU.ActiveCfg = Debug|Any CPU
		{04AC2DEF-4BF9-421E-A227-A925038CC473}.Debug|Any CPU.Build.0 = Debug|Any CPU
		{04AC2DEF-4BF9-421E-A227-A925038CC473}.Release|Any CPU.ActiveCfg = Release|Any CPU
		{04AC2DEF-4BF9-421E-A227-A925038CC473}.Release|Any CPU.Build.0 = Release|Any CPU
		{A6BA9AEF-BBD8-4323-BB28-9E32843E663C}.Debug|Any CPU.ActiveCfg = Debug|Any CPU
		{A6BA9AEF-BBD8-4323-BB28-9E32843E663C}.Debug|Any CPU.Build.0 = Debug|Any CPU
		{A6BA9AEF-BBD8-4323-BB28-9E32843E663C}.Release|Any CPU.ActiveCfg = Release|Any CPU
		{A6BA9AEF-BBD8-4323-BB28-9E32843E663C}.Release|Any CPU.Build.0 = Release|Any CPU
		{8FDBE1DF-40BF-461C-9E5F-58843F9FA9D1}.Debug|Any CPU.ActiveCfg = Debug|Any CPU
		{8FDBE1DF-40BF-461C-9E5F-58843F9FA9D1}.Debug|Any CPU.Build.0 = Debug|Any CPU
		{8FDBE1DF-40BF-461C-9E5F-58843F9FA9D1}.Release|Any CPU.ActiveCfg = Release|Any CPU
		{8FDBE1DF-40BF-461C-9E5F-58843F9FA9D1}.Release|Any CPU.Build.0 = Release|Any CPU
		{8C7137AB-10D2-4E71-A342-C1ADBBB55EA0}.Debug|Any CPU.ActiveCfg = Debug|Any CPU
		{8C7137AB-10D2-4E71-A342-C1ADBBB55EA0}.Debug|Any CPU.Build.0 = Debug|Any CPU
		{8C7137AB-10D2-4E71-A342-C1ADBBB55EA0}.Release|Any CPU.ActiveCfg = Release|Any CPU
		{8C7137AB-10D2-4E71-A342-C1ADBBB55EA0}.Release|Any CPU.Build.0 = Release|Any CPU
		{5F603891-BC7C-4BC7-8A8D-9D0B295CD996}.Debug|Any CPU.ActiveCfg = Debug|Any CPU
		{5F603891-BC7C-4BC7-8A8D-9D0B295CD996}.Debug|Any CPU.Build.0 = Debug|Any CPU
		{5F603891-BC7C-4BC7-8A8D-9D0B295CD996}.Release|Any CPU.ActiveCfg = Release|Any CPU
		{5F603891-BC7C-4BC7-8A8D-9D0B295CD996}.Release|Any CPU.Build.0 = Release|Any CPU
		{6E2178AC-9B41-4BD1-B46E-F2B3198FC5BB}.Debug|Any CPU.ActiveCfg = Debug|Any CPU
		{6E2178AC-9B41-4BD1-B46E-F2B3198FC5BB}.Debug|Any CPU.Build.0 = Debug|Any CPU
		{6E2178AC-9B41-4BD1-B46E-F2B3198FC5BB}.Release|Any CPU.ActiveCfg = Release|Any CPU
		{6E2178AC-9B41-4BD1-B46E-F2B3198FC5BB}.Release|Any CPU.Build.0 = Release|Any CPU
		{EEA2FD54-01B6-40F3-9A1D-E41BBC446977}.Debug|Any CPU.ActiveCfg = Debug|Any CPU
		{EEA2FD54-01B6-40F3-9A1D-E41BBC446977}.Debug|Any CPU.Build.0 = Debug|Any CPU
		{EEA2FD54-01B6-40F3-9A1D-E41BBC446977}.Release|Any CPU.ActiveCfg = Release|Any CPU
		{EEA2FD54-01B6-40F3-9A1D-E41BBC446977}.Release|Any CPU.Build.0 = Release|Any CPU
		{E73AA54B-0910-41EF-A300-F931BA41D85F}.Debug|Any CPU.ActiveCfg = Debug|Any CPU
		{E73AA54B-0910-41EF-A300-F931BA41D85F}.Debug|Any CPU.Build.0 = Debug|Any CPU
		{E73AA54B-0910-41EF-A300-F931BA41D85F}.Release|Any CPU.ActiveCfg = Release|Any CPU
		{E73AA54B-0910-41EF-A300-F931BA41D85F}.Release|Any CPU.Build.0 = Release|Any CPU
		{AB35CE83-A490-4476-A60D-A5A19548921A}.Debug|Any CPU.ActiveCfg = Debug|Any CPU
		{AB35CE83-A490-4476-A60D-A5A19548921A}.Debug|Any CPU.Build.0 = Debug|Any CPU
		{AB35CE83-A490-4476-A60D-A5A19548921A}.Release|Any CPU.ActiveCfg = Release|Any CPU
		{AB35CE83-A490-4476-A60D-A5A19548921A}.Release|Any CPU.Build.0 = Release|Any CPU
		{EC6FCDD8-C8F2-42F0-BD50-0ADE0EB2077F}.Debug|Any CPU.ActiveCfg = Debug|Any CPU
		{EC6FCDD8-C8F2-42F0-BD50-0ADE0EB2077F}.Debug|Any CPU.Build.0 = Debug|Any CPU
		{EC6FCDD8-C8F2-42F0-BD50-0ADE0EB2077F}.Release|Any CPU.ActiveCfg = Release|Any CPU
		{EC6FCDD8-C8F2-42F0-BD50-0ADE0EB2077F}.Release|Any CPU.Build.0 = Release|Any CPU
		{F1644820-0D6A-4D02-88C0-CEF3246FB9EB}.Debug|Any CPU.ActiveCfg = Debug|Any CPU
		{F1644820-0D6A-4D02-88C0-CEF3246FB9EB}.Debug|Any CPU.Build.0 = Debug|Any CPU
		{F1644820-0D6A-4D02-88C0-CEF3246FB9EB}.Release|Any CPU.ActiveCfg = Release|Any CPU
		{F1644820-0D6A-4D02-88C0-CEF3246FB9EB}.Release|Any CPU.Build.0 = Release|Any CPU
		{8730A7B3-A5EB-4461-9D45-A34E98299DF3}.Debug|Any CPU.ActiveCfg = Debug|Any CPU
		{8730A7B3-A5EB-4461-9D45-A34E98299DF3}.Debug|Any CPU.Build.0 = Debug|Any CPU
		{8730A7B3-A5EB-4461-9D45-A34E98299DF3}.Release|Any CPU.ActiveCfg = Release|Any CPU
		{8730A7B3-A5EB-4461-9D45-A34E98299DF3}.Release|Any CPU.Build.0 = Release|Any CPU
		{2958E175-CFB6-49A2-818C-CA0DCC9B05CF}.Debug|Any CPU.ActiveCfg = Debug|Any CPU
		{2958E175-CFB6-49A2-818C-CA0DCC9B05CF}.Debug|Any CPU.Build.0 = Debug|Any CPU
		{2958E175-CFB6-49A2-818C-CA0DCC9B05CF}.Release|Any CPU.ActiveCfg = Release|Any CPU
		{2958E175-CFB6-49A2-818C-CA0DCC9B05CF}.Release|Any CPU.Build.0 = Release|Any CPU
		{C2D00F70-310C-4172-863B-7297802DE2A6}.Debug|Any CPU.ActiveCfg = Debug|Any CPU
		{C2D00F70-310C-4172-863B-7297802DE2A6}.Debug|Any CPU.Build.0 = Debug|Any CPU
		{C2D00F70-310C-4172-863B-7297802DE2A6}.Release|Any CPU.ActiveCfg = Release|Any CPU
		{C2D00F70-310C-4172-863B-7297802DE2A6}.Release|Any CPU.Build.0 = Release|Any CPU
		{1160F4E1-6229-4828-8E1C-D33AB3407657}.Debug|Any CPU.ActiveCfg = Debug|Any CPU
		{1160F4E1-6229-4828-8E1C-D33AB3407657}.Debug|Any CPU.Build.0 = Debug|Any CPU
		{1160F4E1-6229-4828-8E1C-D33AB3407657}.Release|Any CPU.ActiveCfg = Release|Any CPU
		{1160F4E1-6229-4828-8E1C-D33AB3407657}.Release|Any CPU.Build.0 = Release|Any CPU
		{4BD693BC-8089-40B1-A0EF-3F44D2520557}.Debug|Any CPU.ActiveCfg = Debug|Any CPU
		{4BD693BC-8089-40B1-A0EF-3F44D2520557}.Debug|Any CPU.Build.0 = Debug|Any CPU
		{4BD693BC-8089-40B1-A0EF-3F44D2520557}.Release|Any CPU.ActiveCfg = Release|Any CPU
		{4BD693BC-8089-40B1-A0EF-3F44D2520557}.Release|Any CPU.Build.0 = Release|Any CPU
	EndGlobalSection
	GlobalSection(NestedProjects) = preSolution
		{3B146F25-5EE7-4470-8137-C46A48500F38} = {A1B0F8DB-8FD8-4F19-A81A-93F5D3F0A3A2}
		{5F5EC201-8BDC-4890-98C6-BA60338B2DAE} = {A1B0F8DB-8FD8-4F19-A81A-93F5D3F0A3A2}
		{176DAF06-C30F-4B89-8F9A-D82F034FF4C3} = {A1B0F8DB-8FD8-4F19-A81A-93F5D3F0A3A2}
		{16E6CD03-FD22-4B32-A0DC-E5C679C696A1} = {A1B0F8DB-8FD8-4F19-A81A-93F5D3F0A3A2}
		{ADBF22F8-0EC0-40B5-A080-FFFFF634FF46} = {A1B0F8DB-8FD8-4F19-A81A-93F5D3F0A3A2}
		{7A916252-2CFE-4DC1-BCD5-F189346F9E2C} = {A1B0F8DB-8FD8-4F19-A81A-93F5D3F0A3A2}
		{C9DC6E49-A62B-49EF-BBE3-B80CC9087E96} = {A1B0F8DB-8FD8-4F19-A81A-93F5D3F0A3A2}
		{3C74F109-0FC6-4120-8B84-AE25509BE0BC} = {A1B0F8DB-8FD8-4F19-A81A-93F5D3F0A3A2}
		{BA8D164F-8EC6-4F27-A564-20F2785CC8F3} = {A1B0F8DB-8FD8-4F19-A81A-93F5D3F0A3A2}
		{36FF5A0D-9B74-46CD-80F1-D41CC20A1250} = {A1B0F8DB-8FD8-4F19-A81A-93F5D3F0A3A2}
		{3F0754D1-1F90-460C-A42C-EE911BDBC086} = {A1B0F8DB-8FD8-4F19-A81A-93F5D3F0A3A2}
		{9CC9A01E-0BEF-4512-920C-0F754A11DCBA} = {A1B0F8DB-8FD8-4F19-A81A-93F5D3F0A3A2}
		{7980668E-6931-49B5-AE94-6CAF1F8769CD} = {A1B0F8DB-8FD8-4F19-A81A-93F5D3F0A3A2}
		{8B06AE98-4B5E-4711-B24D-005F9C2FF9D1} = {A1B0F8DB-8FD8-4F19-A81A-93F5D3F0A3A2}
		{2BF90479-DB7B-4ABD-AA6D-433976750A03} = {A1B0F8DB-8FD8-4F19-A81A-93F5D3F0A3A2}
		{5B8E431C-227A-4BE2-9EE6-03496E7A2373} = {A1B0F8DB-8FD8-4F19-A81A-93F5D3F0A3A2}
		{0A30019D-3581-4D02-AEC4-AB47D2B433AE} = {A1B0F8DB-8FD8-4F19-A81A-93F5D3F0A3A2}
		{B77297D6-D1AC-410D-AA0D-075700312407} = {A1B0F8DB-8FD8-4F19-A81A-93F5D3F0A3A2}
		{F5924D5D-6552-4C51-96FE-6E3C2EC27D29} = {B8D01C47-B45E-4E34-8A17-9E99E4C8C3A1}
		{B50B7A02-BA6D-4866-A346-45623705E6BC} = {B8D01C47-B45E-4E34-8A17-9E99E4C8C3A1}
		{2FF22774-388D-412F-A6BE-0C357E27ABF3} = {B8D01C47-B45E-4E34-8A17-9E99E4C8C3A1}
		{96631619-5A3F-4335-9FBE-D4ADF834E95A} = {B8D01C47-B45E-4E34-8A17-9E99E4C8C3A1}
		{1650A54B-7771-4F16-A97C-69BA65C145A7} = {B8D01C47-B45E-4E34-8A17-9E99E4C8C3A1}
		{E46ADC94-E1D1-472A-8A58-E57A19E781C4} = {B8D01C47-B45E-4E34-8A17-9E99E4C8C3A1}
		{01F6AF8D-7CDC-49A3-9525-4479CB8F7067} = {B8D01C47-B45E-4E34-8A17-9E99E4C8C3A1}
		{04AC2DEF-4BF9-421E-A227-A925038CC473} = {B8D01C47-B45E-4E34-8A17-9E99E4C8C3A1}
		{A6BA9AEF-BBD8-4323-BB28-9E32843E663C} = {B8D01C47-B45E-4E34-8A17-9E99E4C8C3A1}
		{8FDBE1DF-40BF-461C-9E5F-58843F9FA9D1} = {B8D01C47-B45E-4E34-8A17-9E99E4C8C3A1}
		{8C7137AB-10D2-4E71-A342-C1ADBBB55EA0} = {B8D01C47-B45E-4E34-8A17-9E99E4C8C3A1}
		{5F603891-BC7C-4BC7-8A8D-9D0B295CD996} = {B8D01C47-B45E-4E34-8A17-9E99E4C8C3A1}
		{6E2178AC-9B41-4BD1-B46E-F2B3198FC5BB} = {B8D01C47-B45E-4E34-8A17-9E99E4C8C3A1}
		{EEA2FD54-01B6-40F3-9A1D-E41BBC446977} = {B8D01C47-B45E-4E34-8A17-9E99E4C8C3A1}
		{E73AA54B-0910-41EF-A300-F931BA41D85F} = {B8D01C47-B45E-4E34-8A17-9E99E4C8C3A1}
		{AB35CE83-A490-4476-A60D-A5A19548921A} = {B8D01C47-B45E-4E34-8A17-9E99E4C8C3A1}
		{EC6FCDD8-C8F2-42F0-BD50-0ADE0EB2077F} = {B8D01C47-B45E-4E34-8A17-9E99E4C8C3A1}
		{F1644820-0D6A-4D02-88C0-CEF3246FB9EB} = {B8D01C47-B45E-4E34-8A17-9E99E4C8C3A1}
		{8730A7B3-A5EB-4461-9D45-A34E98299DF3} = {B8D01C47-B45E-4E34-8A17-9E99E4C8C3A1}
		{2958E175-CFB6-49A2-818C-CA0DCC9B05CF} = {B8D01C47-B45E-4E34-8A17-9E99E4C8C3A1}
		{C2D00F70-310C-4172-863B-7297802DE2A6} = {D4D0F8DB-8FD8-4F19-A81A-93F5D3F0A3A6}
		{1160F4E1-6229-4828-8E1C-D33AB3407657} = {D4D0F8DB-8FD8-4F19-A81A-93F5D3F0A3A6}
		{4BD693BC-8089-40B1-A0EF-3F44D2520557} = {D4D0F8DB-8FD8-4F19-A81A-93F5D3F0A3A6}
	EndGlobalSection
EndGlobal
