Microsoft Visual Studio Solution File, Format Version 12.00
# Visual Studio Version 17
VisualStudioVersion = 17.0.31903.59
MinimumVisualStudioVersion = 10.0.40219.1
Project("{2150E333-8FDC-42A3-9474-1A3956D46DE8}") = "src", "src", "{A1B0F8DB-8FD8-4F19-A81A-93F5D3F0A3A2}"
EndProject
Project("{FAE04EC0-301F-11D3-BF4B-00C04F79EFBC}") = "Bespoke.Core", "src\Bespoke.Core\Bespoke.Core.csproj", "{F9B9D9E8-D595-4FA3-9A88-4E5F40C5A3E0}"
EndProject
Project("{2150E333-8FDC-42A3-9474-1A3956D46DE8}") = "tests", "tests", "{B8D01C47-B45E-4E34-8A17-9E99E4C8C3A1}"
EndProject
Project("{2150E333-8FDC-42A3-9474-1A3956D46DE8}") = "demo", "demo", "{D4D0F8DB-8FD8-4F19-A81A-93F5D3F0A3A6}"
EndProject
Project("{FAE04EC0-301F-11D3-BF4B-00C04F79EFBC}") = "DemoApp1", "demo\DemoApp1\DemoApp1.csproj", "{E5D0F8DB-8FD8-4F19-A81A-93F5D3F0A3A7}"
EndProject
Project("{FAE04EC0-301F-11D3-BF4B-00C04F79EFBC}") = "DemoApp2", "demo\DemoApp2\DemoApp2.csproj", "{F6D0F8DB-8FD8-4F19-A81A-93F5D3F0A3A8}"
EndProject
Project("{2150E333-8FDC-42A3-9474-1A3956D46DE8}") = "docs", "docs", "{5FFF6BE0-8F8A-4B02-94FE-D76A4B513AF2}"
EndProject
Project("{FAE04EC0-301F-11D3-BF4B-00C04F79EFBC}") = "Bespoke.Shared", "src\Bespoke.Shared\Bespoke.Shared.csproj", "{A3B1AA91-04CE-4FBD-9DEB-14C7504DD1FF}"
EndProject
Project("{FAE04EC0-301F-11D3-BF4B-00C04F79EFBC}") = "Bespoke.Data", "src\Bespoke.Data\Bespoke.Data.csproj", "{D5C3557D-2125-4509-A936-89602167E582}"
EndProject
Project("{FAE04EC0-301F-11D3-BF4B-00C04F79EFBC}") = "Bespoke.Data.SqlServer", "src\Bespoke.Data.SqlServer\Bespoke.Data.SqlServer.csproj", "{BE686B32-E7F7-41C7-BA49-022A7CD3D3E7}"
EndProject
Project("{FAE04EC0-301F-11D3-BF4B-00C04F79EFBC}") = "Bespoke.Services", "src\Bespoke.Services\Bespoke.Services.csproj", "{2C1780D4-F52F-4E8F-BADB-6B1B39B4F304}"
EndProject
Project("{FAE04EC0-301F-11D3-BF4B-00C04F79EFBC}") = "Bespoke.Rest", "src\Bespoke.Rest\Bespoke.Rest.csproj", "{02D41315-FFFE-4A29-B8E9-ABD28FE07DFC}"
EndProject
Project("{FAE04EC0-301F-11D3-BF4B-00C04F79EFBC}") = "Bespoke.Users", "src\Bespoke.Users\Bespoke.Users.csproj", "{1A2EA601-553B-4B31-AD96-82ADA3C4417F}"
EndProject
Project("{FAE04EC0-301F-11D3-BF4B-00C04F79EFBC}") = "Bespoke.Azure", "src\Bespoke.Azure\Bespoke.Azure.csproj", "{739020D9-7810-41B7-A65B-735ED9CF0B5A}"
EndProject
Project("{FAE04EC0-301F-11D3-BF4B-00C04F79EFBC}") = "Bespoke.Azure.AD", "src\Bespoke.Azure.AD\Bespoke.Azure.AD.csproj", "{FA164BFE-E455-4E6C-BF5D-0E6CA835C0D2}"
EndProject
Project("{FAE04EC0-301F-11D3-BF4B-00C04F79EFBC}") = "Bespoke.Azure.BlobStorage", "src\Bespoke.Azure.BlobStorage\Bespoke.Azure.BlobStorage.csproj", "{0620076F-3F5F-4D9C-AB2D-CE094CE52B7B}"
EndProject
Project("{FAE04EC0-301F-11D3-BF4B-00C04F79EFBC}") = "Bespoke.Azure.Queue", "src\Bespoke.Azure.Queue\Bespoke.Azure.Queue.csproj", "{6B7B653C-070F-4951-BC44-03F4557CCEB8}"
EndProject
Project("{FAE04EC0-301F-11D3-BF4B-00C04F79EFBC}") = "Bespoke.Azure.TableStorage", "src\Bespoke.Azure.TableStorage\Bespoke.Azure.TableStorage.csproj", "{A62BFA22-19C4-4625-ADD3-6919374F39C4}"
EndProject
Project("{FAE04EC0-301F-11D3-BF4B-00C04F79EFBC}") = "Bespoke.Payments", "src\Bespoke.Payments\Bespoke.Payments.csproj", "{4CCBE44F-9B29-451F-A255-55FE65D2C188}"
EndProject
Project("{FAE04EC0-301F-11D3-BF4B-00C04F79EFBC}") = "Bespoke.Payments.Stripe", "src\Bespoke.Payments.Stripe\Bespoke.Payments.Stripe.csproj", "{8A69CD3C-AA0C-4F83-AAE7-473FEF21D521}"
EndProject
Project("{FAE04EC0-301F-11D3-BF4B-00C04F79EFBC}") = "Bespoke.Bicep", "src\Bespoke.Bicep\Bespoke.Bicep.csproj", "{6A4A6019-0197-49F0-BDE1-F7261BEF890C}"
EndProject
Project("{FAE04EC0-301F-11D3-BF4B-00C04F79EFBC}") = "Bespoke.Handlebars", "src\Bespoke.Handlebars\Bespoke.Handlebars.csproj", "{98675F38-A306-4C83-9449-C0F6F1FCB29C}"
EndProject
Project("{FAE04EC0-301F-11D3-BF4B-00C04F79EFBC}") = "Bespoke.IntegrationTesting", "tests\Bespoke.IntegrationTesting\Bespoke.IntegrationTesting.csproj", "{14D71F2C-CF44-409F-A8C9-FA4F98AEC384}"
EndProject
Project("{FAE04EC0-301F-11D3-BF4B-00C04F79EFBC}") = "Bespoke.Benchmarks", "demo\Bespoke.Benchmarks\Bespoke.Benchmarks.csproj", "{4F9A37A7-B7A1-4D61-9D6A-941356E86783}"
EndProject
Global
	GlobalSection(SolutionConfigurationPlatforms) = preSolution
		Debug|Any CPU = Debug|Any CPU
		Release|Any CPU = Release|Any CPU
	EndGlobalSection
	GlobalSection(ProjectConfigurationPlatforms) = postSolution
		{F9B9D9E8-D595-4FA3-9A88-4E5F40C5A3E0}.Debug|Any CPU.ActiveCfg = Debug|Any CPU
		{F9B9D9E8-D595-4FA3-9A88-4E5F40C5A3E0}.Debug|Any CPU.Build.0 = Debug|Any CPU
		{F9B9D9E8-D595-4FA3-9A88-4E5F40C5A3E0}.Release|Any CPU.ActiveCfg = Release|Any CPU
		{F9B9D9E8-D595-4FA3-9A88-4E5F40C5A3E0}.Release|Any CPU.Build.0 = Release|Any CPU
		{E5D0F8DB-8FD8-4F19-A81A-93F5D3F0A3A7}.Debug|Any CPU.ActiveCfg = Debug|Any CPU
		{E5D0F8DB-8FD8-4F19-A81A-93F5D3F0A3A7}.Debug|Any CPU.Build.0 = Debug|Any CPU
		{E5D0F8DB-8FD8-4F19-A81A-93F5D3F0A3A7}.Release|Any CPU.ActiveCfg = Release|Any CPU
		{E5D0F8DB-8FD8-4F19-A81A-93F5D3F0A3A7}.Release|Any CPU.Build.0 = Release|Any CPU
		{F6D0F8DB-8FD8-4F19-A81A-93F5D3F0A3A8}.Debug|Any CPU.ActiveCfg = Debug|Any CPU
		{F6D0F8DB-8FD8-4F19-A81A-93F5D3F0A3A8}.Debug|Any CPU.Build.0 = Debug|Any CPU
		{F6D0F8DB-8FD8-4F19-A81A-93F5D3F0A3A8}.Release|Any CPU.ActiveCfg = Release|Any CPU
		{F6D0F8DB-8FD8-4F19-A81A-93F5D3F0A3A8}.Release|Any CPU.Build.0 = Release|Any CPU
		{A3B1AA91-04CE-4FBD-9DEB-14C7504DD1FF}.Debug|Any CPU.ActiveCfg = Debug|Any CPU
		{A3B1AA91-04CE-4FBD-9DEB-14C7504DD1FF}.Debug|Any CPU.Build.0 = Debug|Any CPU
		{A3B1AA91-04CE-4FBD-9DEB-14C7504DD1FF}.Release|Any CPU.ActiveCfg = Release|Any CPU
		{A3B1AA91-04CE-4FBD-9DEB-14C7504DD1FF}.Release|Any CPU.Build.0 = Release|Any CPU
		{D5C3557D-2125-4509-A936-89602167E582}.Debug|Any CPU.ActiveCfg = Debug|Any CPU
		{D5C3557D-2125-4509-A936-89602167E582}.Debug|Any CPU.Build.0 = Debug|Any CPU
		{D5C3557D-2125-4509-A936-89602167E582}.Release|Any CPU.ActiveCfg = Release|Any CPU
		{D5C3557D-2125-4509-A936-89602167E582}.Release|Any CPU.Build.0 = Release|Any CPU
		{BE686B32-E7F7-41C7-BA49-022A7CD3D3E7}.Debug|Any CPU.ActiveCfg = Debug|Any CPU
		{BE686B32-E7F7-41C7-BA49-022A7CD3D3E7}.Debug|Any CPU.Build.0 = Debug|Any CPU
		{BE686B32-E7F7-41C7-BA49-022A7CD3D3E7}.Release|Any CPU.ActiveCfg = Release|Any CPU
		{BE686B32-E7F7-41C7-BA49-022A7CD3D3E7}.Release|Any CPU.Build.0 = Release|Any CPU
		{2C1780D4-F52F-4E8F-BADB-6B1B39B4F304}.Debug|Any CPU.ActiveCfg = Debug|Any CPU
		{2C1780D4-F52F-4E8F-BADB-6B1B39B4F304}.Debug|Any CPU.Build.0 = Debug|Any CPU
		{2C1780D4-F52F-4E8F-BADB-6B1B39B4F304}.Release|Any CPU.ActiveCfg = Release|Any CPU
		{2C1780D4-F52F-4E8F-BADB-6B1B39B4F304}.Release|Any CPU.Build.0 = Release|Any CPU
		{02D41315-FFFE-4A29-B8E9-ABD28FE07DFC}.Debug|Any CPU.ActiveCfg = Debug|Any CPU
		{02D41315-FFFE-4A29-B8E9-ABD28FE07DFC}.Debug|Any CPU.Build.0 = Debug|Any CPU
		{02D41315-FFFE-4A29-B8E9-ABD28FE07DFC}.Release|Any CPU.ActiveCfg = Release|Any CPU
		{02D41315-FFFE-4A29-B8E9-ABD28FE07DFC}.Release|Any CPU.Build.0 = Release|Any CPU
		{1A2EA601-553B-4B31-AD96-82ADA3C4417F}.Debug|Any CPU.ActiveCfg = Debug|Any CPU
		{1A2EA601-553B-4B31-AD96-82ADA3C4417F}.Debug|Any CPU.Build.0 = Debug|Any CPU
		{1A2EA601-553B-4B31-AD96-82ADA3C4417F}.Release|Any CPU.ActiveCfg = Release|Any CPU
		{1A2EA601-553B-4B31-AD96-82ADA3C4417F}.Release|Any CPU.Build.0 = Release|Any CPU
		{739020D9-7810-41B7-A65B-735ED9CF0B5A}.Debug|Any CPU.ActiveCfg = Debug|Any CPU
		{739020D9-7810-41B7-A65B-735ED9CF0B5A}.Debug|Any CPU.Build.0 = Debug|Any CPU
		{739020D9-7810-41B7-A65B-735ED9CF0B5A}.Release|Any CPU.ActiveCfg = Release|Any CPU
		{739020D9-7810-41B7-A65B-735ED9CF0B5A}.Release|Any CPU.Build.0 = Release|Any CPU
		{FA164BFE-E455-4E6C-BF5D-0E6CA835C0D2}.Debug|Any CPU.ActiveCfg = Debug|Any CPU
		{FA164BFE-E455-4E6C-BF5D-0E6CA835C0D2}.Debug|Any CPU.Build.0 = Debug|Any CPU
		{FA164BFE-E455-4E6C-BF5D-0E6CA835C0D2}.Release|Any CPU.ActiveCfg = Release|Any CPU
		{FA164BFE-E455-4E6C-BF5D-0E6CA835C0D2}.Release|Any CPU.Build.0 = Release|Any CPU
		{0620076F-3F5F-4D9C-AB2D-CE094CE52B7B}.Debug|Any CPU.ActiveCfg = Debug|Any CPU
		{0620076F-3F5F-4D9C-AB2D-CE094CE52B7B}.Debug|Any CPU.Build.0 = Debug|Any CPU
		{0620076F-3F5F-4D9C-AB2D-CE094CE52B7B}.Release|Any CPU.ActiveCfg = Release|Any CPU
		{0620076F-3F5F-4D9C-AB2D-CE094CE52B7B}.Release|Any CPU.Build.0 = Release|Any CPU
		{6B7B653C-070F-4951-BC44-03F4557CCEB8}.Debug|Any CPU.ActiveCfg = Debug|Any CPU
		{6B7B653C-070F-4951-BC44-03F4557CCEB8}.Debug|Any CPU.Build.0 = Debug|Any CPU
		{6B7B653C-070F-4951-BC44-03F4557CCEB8}.Release|Any CPU.ActiveCfg = Release|Any CPU
		{6B7B653C-070F-4951-BC44-03F4557CCEB8}.Release|Any CPU.Build.0 = Release|Any CPU
		{A62BFA22-19C4-4625-ADD3-6919374F39C4}.Debug|Any CPU.ActiveCfg = Debug|Any CPU
		{A62BFA22-19C4-4625-ADD3-6919374F39C4}.Debug|Any CPU.Build.0 = Debug|Any CPU
		{A62BFA22-19C4-4625-ADD3-6919374F39C4}.Release|Any CPU.ActiveCfg = Release|Any CPU
		{A62BFA22-19C4-4625-ADD3-6919374F39C4}.Release|Any CPU.Build.0 = Release|Any CPU
		{4CCBE44F-9B29-451F-A255-55FE65D2C188}.Debug|Any CPU.ActiveCfg = Debug|Any CPU
		{4CCBE44F-9B29-451F-A255-55FE65D2C188}.Debug|Any CPU.Build.0 = Debug|Any CPU
		{4CCBE44F-9B29-451F-A255-55FE65D2C188}.Release|Any CPU.ActiveCfg = Release|Any CPU
		{4CCBE44F-9B29-451F-A255-55FE65D2C188}.Release|Any CPU.Build.0 = Release|Any CPU
		{8A69CD3C-AA0C-4F83-AAE7-473FEF21D521}.Debug|Any CPU.ActiveCfg = Debug|Any CPU
		{8A69CD3C-AA0C-4F83-AAE7-473FEF21D521}.Debug|Any CPU.Build.0 = Debug|Any CPU
		{8A69CD3C-AA0C-4F83-AAE7-473FEF21D521}.Release|Any CPU.ActiveCfg = Release|Any CPU
		{8A69CD3C-AA0C-4F83-AAE7-473FEF21D521}.Release|Any CPU.Build.0 = Release|Any CPU
		{6A4A6019-0197-49F0-BDE1-F7261BEF890C}.Debug|Any CPU.ActiveCfg = Debug|Any CPU
		{6A4A6019-0197-49F0-BDE1-F7261BEF890C}.Debug|Any CPU.Build.0 = Debug|Any CPU
		{6A4A6019-0197-49F0-BDE1-F7261BEF890C}.Release|Any CPU.ActiveCfg = Release|Any CPU
		{6A4A6019-0197-49F0-BDE1-F7261BEF890C}.Release|Any CPU.Build.0 = Release|Any CPU
		{98675F38-A306-4C83-9449-C0F6F1FCB29C}.Debug|Any CPU.ActiveCfg = Debug|Any CPU
		{98675F38-A306-4C83-9449-C0F6F1FCB29C}.Debug|Any CPU.Build.0 = Debug|Any CPU
		{98675F38-A306-4C83-9449-C0F6F1FCB29C}.Release|Any CPU.ActiveCfg = Release|Any CPU
		{98675F38-A306-4C83-9449-C0F6F1FCB29C}.Release|Any CPU.Build.0 = Release|Any CPU
		{14D71F2C-CF44-409F-A8C9-FA4F98AEC384}.Debug|Any CPU.ActiveCfg = Debug|Any CPU
		{14D71F2C-CF44-409F-A8C9-FA4F98AEC384}.Debug|Any CPU.Build.0 = Debug|Any CPU
		{14D71F2C-CF44-409F-A8C9-FA4F98AEC384}.Release|Any CPU.ActiveCfg = Release|Any CPU
		{14D71F2C-CF44-409F-A8C9-FA4F98AEC384}.Release|Any CPU.Build.0 = Release|Any CPU
		{4F9A37A7-B7A1-4D61-9D6A-941356E86783}.Debug|Any CPU.ActiveCfg = Debug|Any CPU
		{4F9A37A7-B7A1-4D61-9D6A-941356E86783}.Debug|Any CPU.Build.0 = Debug|Any CPU
		{4F9A37A7-B7A1-4D61-9D6A-941356E86783}.Release|Any CPU.ActiveCfg = Release|Any CPU
		{4F9A37A7-B7A1-4D61-9D6A-941356E86783}.Release|Any CPU.Build.0 = Release|Any CPU
	EndGlobalSection
	GlobalSection(SolutionProperties) = preSolution
		HideSolutionNode = FALSE
	EndGlobalSection
	GlobalSection(NestedProjects) = preSolution
		{F9B9D9E8-D595-4FA3-9A88-4E5F40C5A3E0} = {A1B0F8DB-8FD8-4F19-A81A-93F5D3F0A3A2}
		{E5D0F8DB-8FD8-4F19-A81A-93F5D3F0A3A7} = {D4D0F8DB-8FD8-4F19-A81A-93F5D3F0A3A6}
		{F6D0F8DB-8FD8-4F19-A81A-93F5D3F0A3A8} = {D4D0F8DB-8FD8-4F19-A81A-93F5D3F0A3A6}
		{A3B1AA91-04CE-4FBD-9DEB-14C7504DD1FF} = {A1B0F8DB-8FD8-4F19-A81A-93F5D3F0A3A2}
		{D5C3557D-2125-4509-A936-89602167E582} = {A1B0F8DB-8FD8-4F19-A81A-93F5D3F0A3A2}
		{BE686B32-E7F7-41C7-BA49-022A7CD3D3E7} = {A1B0F8DB-8FD8-4F19-A81A-93F5D3F0A3A2}
		{2C1780D4-F52F-4E8F-BADB-6B1B39B4F304} = {A1B0F8DB-8FD8-4F19-A81A-93F5D3F0A3A2}
		{02D41315-FFFE-4A29-B8E9-ABD28FE07DFC} = {A1B0F8DB-8FD8-4F19-A81A-93F5D3F0A3A2}
		{1A2EA601-553B-4B31-AD96-82ADA3C4417F} = {A1B0F8DB-8FD8-4F19-A81A-93F5D3F0A3A2}
		{739020D9-7810-41B7-A65B-735ED9CF0B5A} = {A1B0F8DB-8FD8-4F19-A81A-93F5D3F0A3A2}
		{FA164BFE-E455-4E6C-BF5D-0E6CA835C0D2} = {A1B0F8DB-8FD8-4F19-A81A-93F5D3F0A3A2}
		{0620076F-3F5F-4D9C-AB2D-CE094CE52B7B} = {A1B0F8DB-8FD8-4F19-A81A-93F5D3F0A3A2}
		{6B7B653C-070F-4951-BC44-03F4557CCEB8} = {A1B0F8DB-8FD8-4F19-A81A-93F5D3F0A3A2}
		{A62BFA22-19C4-4625-ADD3-6919374F39C4} = {A1B0F8DB-8FD8-4F19-A81A-93F5D3F0A3A2}
		{4CCBE44F-9B29-451F-A255-55FE65D2C188} = {A1B0F8DB-8FD8-4F19-A81A-93F5D3F0A3A2}
		{8A69CD3C-AA0C-4F83-AAE7-473FEF21D521} = {A1B0F8DB-8FD8-4F19-A81A-93F5D3F0A3A2}
		{6A4A6019-0197-49F0-BDE1-F7261BEF890C} = {A1B0F8DB-8FD8-4F19-A81A-93F5D3F0A3A2}
		{98675F38-A306-4C83-9449-C0F6F1FCB29C} = {A1B0F8DB-8FD8-4F19-A81A-93F5D3F0A3A2}
		{14D71F2C-CF44-409F-A8C9-FA4F98AEC384} = {A1B0F8DB-8FD8-4F19-A81A-93F5D3F0A3A2}
		{4F9A37A7-B7A1-4D61-9D6A-941356E86783} = {A1B0F8DB-8FD8-4F19-A81A-93F5D3F0A3A2}
	EndGlobalSection
EndGlobal
