Microsoft Visual Studio Solution File, Format Version 12.00
# Visual Studio Version 17
VisualStudioVersion = 17.0.31903.59
MinimumVisualStudioVersion = 10.0.40219.1
Project("{2150E333-8FDC-42A3-9474-1A3956D46DE8}") = "src", "src", "{A1B0F8DB-8FD8-4F19-A81A-93F5D3F0A3A2}"
EndProject
Project("{FAE04EC0-301F-11D3-BF4B-00C04F79EFBC}") = "Bespoke.Core", "src\Bespoke.Core\Bespoke.Core.csproj", "{F9B9D9E8-D595-4FA3-9A88-4E5F40C5A3E0}"
EndProject
Project("{FAE04EC0-301F-11D3-BF4B-00C04F79EFBC}") = "Bespoke.Logging", "src\Bespoke.Logging\Bespoke.Logging.csproj", "{8A8E0C6A-F11A-4C2A-B9D0-A2C6B3D29E34}"
EndProject
Project("{FAE04EC0-301F-11D3-BF4B-00C04F79EFBC}") = "Bespoke.Messaging", "src\Bespoke.Messaging\Bespoke.Messaging.csproj", "{D5E1C8C8-6A1E-4754-B2C3-9D9C59E419D9}"
EndProject
Project("{2150E333-8FDC-42A3-9474-1A3956D46DE8}") = "tests", "tests", "{B8D01C47-B45E-4E34-8A17-9E99E4C8C3A1}"
EndProject
Project("{FAE04EC0-301F-11D3-BF4B-00C04F79EFBC}") = "Bespoke.Core.Tests", "tests\Bespoke.Core.Tests\Bespoke.Core.Tests.csproj", "{A1D0F8DB-8FD8-4F19-A81A-93F5D3F0A3A3}"
EndProject
Project("{FAE04EC0-301F-11D3-BF4B-00C04F79EFBC}") = "Bespoke.Logging.Tests", "tests\Bespoke.Logging.Tests\Bespoke.Logging.Tests.csproj", "{B2D0F8DB-8FD8-4F19-A81A-93F5D3F0A3A4}"
EndProject
Project("{FAE04EC0-301F-11D3-BF4B-00C04F79EFBC}") = "Bespoke.Messaging.Tests", "tests\Bespoke.Messaging.Tests\Bespoke.Messaging.Tests.csproj", "{C3D0F8DB-8FD8-4F19-A81A-93F5D3F0A3A5}"
EndProject
Project("{2150E333-8FDC-42A3-9474-1A3956D46DE8}") = "demo", "demo", "{D4D0F8DB-8FD8-4F19-A81A-93F5D3F0A3A6}"
EndProject
Project("{FAE04EC0-301F-11D3-BF4B-00C04F79EFBC}") = "DemoApp1", "demo\DemoApp1\DemoApp1.csproj", "{E5D0F8DB-8FD8-4F19-A81A-93F5D3F0A3A7}"
EndProject
Project("{FAE04EC0-301F-11D3-BF4B-00C04F79EFBC}") = "DemoApp2", "demo\DemoApp2\DemoApp2.csproj", "{F6D0F8DB-8FD8-4F19-A81A-93F5D3F0A3A8}"
EndProject
Project("{2150E333-8FDC-42A3-9474-1A3956D46DE8}") = "docs", "docs", "{G7D0F8DB-8FD8-4F19-A81A-93F5D3F0A3A9}"
EndProject
Project("{FAE04EC0-301F-11D3-BF4B-00C04F79EFBC}") = "Website", "docs\website\Website.csproj", "{H8D0F8DB-8FD8-4F19-A81A-93F5D3F0A3AA}"
EndProject
Global
	GlobalSection(SolutionConfigurationPlatforms) = preSolution
		Debug|Any CPU = Debug|Any CPU
		Release|Any CPU = Release|Any CPU
	EndGlobalSection
	GlobalSection(SolutionProperties) = preSolution
		HideSolutionNode = FALSE
	EndGlobalSection
	GlobalSection(ProjectConfigurationPlatforms) = postSolution
		{F9B9D9E8-D595-4FA3-9A88-4E5F40C5A3E0}.Debug|Any CPU.ActiveCfg = Debug|Any CPU
		{F9B9D9E8-D595-4FA3-9A88-4E5F40C5A3E0}.Debug|Any CPU.Build.0 = Debug|Any CPU
		{F9B9D9E8-D595-4FA3-9A88-4E5F40C5A3E0}.Release|Any CPU.ActiveCfg = Release|Any CPU
		{F9B9D9E8-D595-4FA3-9A88-4E5F40C5A3E0}.Release|Any CPU.Build.0 = Release|Any CPU
		{8A8E0C6A-F11A-4C2A-B9D0-A2C6B3D29E34}.Debug|Any CPU.ActiveCfg = Debug|Any CPU
		{8A8E0C6A-F11A-4C2A-B9D0-A2C6B3D29E34}.Debug|Any CPU.Build.0 = Debug|Any CPU
		{8A8E0C6A-F11A-4C2A-B9D0-A2C6B3D29E34}.Release|Any CPU.ActiveCfg = Release|Any CPU
		{8A8E0C6A-F11A-4C2A-B9D0-A2C6B3D29E34}.Release|Any CPU.Build.0 = Release|Any CPU
		{D5E1C8C8-6A1E-4754-B2C3-9D9C59E419D9}.Debug|Any CPU.ActiveCfg = Debug|Any CPU
		{D5E1C8C8-6A1E-4754-B2C3-9D9C59E419D9}.Debug|Any CPU.Build.0 = Debug|Any CPU
		{D5E1C8C8-6A1E-4754-B2C3-9D9C59E419D9}.Release|Any CPU.ActiveCfg = Release|Any CPU
		{D5E1C8C8-6A1E-4754-B2C3-9D9C59E419D9}.Release|Any CPU.Build.0 = Release|Any CPU
		{A1D0F8DB-8FD8-4F19-A81A-93F5D3F0A3A3}.Debug|Any CPU.ActiveCfg = Debug|Any CPU
		{A1D0F8DB-8FD8-4F19-A81A-93F5D3F0A3A3}.Debug|Any CPU.Build.0 = Debug|Any CPU
		{A1D0F8DB-8FD8-4F19-A81A-93F5D3F0A3A3}.Release|Any CPU.ActiveCfg = Release|Any CPU
		{A1D0F8DB-8FD8-4F19-A81A-93F5D3F0A3A3}.Release|Any CPU.Build.0 = Release|Any CPU
		{B2D0F8DB-8FD8-4F19-A81A-93F5D3F0A3A4}.Debug|Any CPU.ActiveCfg = Debug|Any CPU
		{B2D0F8DB-8FD8-4F19-A81A-93F5D3F0A3A4}.Debug|Any CPU.Build.0 = Debug|Any CPU
		{B2D0F8DB-8FD8-4F19-A81A-93F5D3F0A3A4}.Release|Any CPU.ActiveCfg = Release|Any CPU
		{B2D0F8DB-8FD8-4F19-A81A-93F5D3F0A3A4}.Release|Any CPU.Build.0 = Release|Any CPU
		{C3D0F8DB-8FD8-4F19-A81A-93F5D3F0A3A5}.Debug|Any CPU.ActiveCfg = Debug|Any CPU
		{C3D0F8DB-8FD8-4F19-A81A-93F5D3F0A3A5}.Debug|Any CPU.Build.0 = Debug|Any CPU
		{C3D0F8DB-8FD8-4F19-A81A-93F5D3F0A3A5}.Release|Any CPU.ActiveCfg = Release|Any CPU
		{C3D0F8DB-8FD8-4F19-A81A-93F5D3F0A3A5}.Release|Any CPU.Build.0 = Release|Any CPU
		{E5D0F8DB-8FD8-4F19-A81A-93F5D3F0A3A7}.Debug|Any CPU.ActiveCfg = Debug|Any CPU
		{E5D0F8DB-8FD8-4F19-A81A-93F5D3F0A3A7}.Debug|Any CPU.Build.0 = Debug|Any CPU
		{E5D0F8DB-8FD8-4F19-A81A-93F5D3F0A3A7}.Release|Any CPU.ActiveCfg = Release|Any CPU
		{E5D0F8DB-8FD8-4F19-A81A-93F5D3F0A3A7}.Release|Any CPU.Build.0 = Release|Any CPU
		{F6D0F8DB-8FD8-4F19-A81A-93F5D3F0A3A8}.Debug|Any CPU.ActiveCfg = Debug|Any CPU
		{F6D0F8DB-8FD8-4F19-A81A-93F5D3F0A3A8}.Debug|Any CPU.Build.0 = Debug|Any CPU
		{F6D0F8DB-8FD8-4F19-A81A-93F5D3F0A3A8}.Release|Any CPU.ActiveCfg = Release|Any CPU
		{F6D0F8DB-8FD8-4F19-A81A-93F5D3F0A3A8}.Release|Any CPU.Build.0 = Release|Any CPU
		{H8D0F8DB-8FD8-4F19-A81A-93F5D3F0A3AA}.Debug|Any CPU.ActiveCfg = Debug|Any CPU
		{H8D0F8DB-8FD8-4F19-A81A-93F5D3F0A3AA}.Debug|Any CPU.Build.0 = Debug|Any CPU
		{H8D0F8DB-8FD8-4F19-A81A-93F5D3F0A3AA}.Release|Any CPU.ActiveCfg = Release|Any CPU
		{H8D0F8DB-8FD8-4F19-A81A-93F5D3F0A3AA}.Release|Any CPU.Build.0 = Release|Any CPU
	EndGlobalSection
	GlobalSection(NestedProjects) = preSolution
		{F9B9D9E8-D595-4FA3-9A88-4E5F40C5A3E0} = {A1B0F8DB-8FD8-4F19-A81A-93F5D3F0A3A2}
		{8A8E0C6A-F11A-4C2A-B9D0-A2C6B3D29E34} = {A1B0F8DB-8FD8-4F19-A81A-93F5D3F0A3A2}
		{D5E1C8C8-6A1E-4754-B2C3-9D9C59E419D9} = {A1B0F8DB-8FD8-4F19-A81A-93F5D3F0A3A2}
		{A1D0F8DB-8FD8-4F19-A81A-93F5D3F0A3A3} = {B8D01C47-B45E-4E34-8A17-9E99E4C8C3A1}
		{B2D0F8DB-8FD8-4F19-A81A-93F5D3F0A3A4} = {B8D01C47-B45E-4E34-8A17-9E99E4C8C3A1}
		{C3D0F8DB-8FD8-4F19-A81A-93F5D3F0A3A5} = {B8D01C47-B45E-4E34-8A17-9E99E4C8C3A1}
		{E5D0F8DB-8FD8-4F19-A81A-93F5D3F0A3A7} = {D4D0F8DB-8FD8-4F19-A81A-93F5D3F0A3A6}
		{F6D0F8DB-8FD8-4F19-A81A-93F5D3F0A3A8} = {D4D0F8DB-8FD8-4F19-A81A-93F5D3F0A3A6}
		{H8D0F8DB-8FD8-4F19-A81A-93F5D3F0A3AA} = {G7D0F8DB-8FD8-4F19-A81A-93F5D3F0A3A9}
	EndGlobalSection
EndGlobal
